
Microsoft Visual Studio Solution File, Format Version 12.00
# Visual Studio Version 17
VisualStudioVersion = 17.14.36518.9
MinimumVisualStudioVersion = 10.0.40219.1
Project("{888888A0-9F3D-457C-B088-3A5042F75D52}") = "HindenburgDroneServer", "HindenburgDroneServer\HindenburgDroneServer.pyproj", "{792B6E80-E3C9-4AF3-BB7E-1266203C8C86}"
EndProject
Global
	GlobalSection(SolutionConfigurationPlatforms) = preSolution
		Debug|Any CPU = Debug|Any CPU
		Release|Any CPU = Release|Any CPU
	EndGlobalSection
	GlobalSection(ProjectConfigurationPlatforms) = postSolution
		{792B6E80-E3C9-4AF3-BB7E-1266203C8C86}.Debug|Any CPU.ActiveCfg = Debug|Any CPU
		{792B6E80-E3C9-4AF3-BB7E-1266203C8C86}.Release|Any CPU.ActiveCfg = Release|Any CPU
	EndGlobalSection
	GlobalSection(SolutionProperties) = preSolution
		HideSolutionNode = FALSE
	EndGlobalSection
	GlobalSection(ExtensibilityGlobals) = postSolution
		SolutionGuid = {AF383517-A706-4F66-9EAA-0E6B9E9F307E}
	EndGlobalSection
EndGlobal
